
Microsoft Visual Studio Solution File, Format Version 12.00
Project("{FAE04EC0-301F-11D3-BF4B-00C04F79EFBC}") = "Web.Api", "Web.Api\Web.Api.csproj", "{AA4B5450-6848-4B59-B5E5-0595D209FF0B}"
EndProject
Project("{FAE04EC0-301F-11D3-BF4B-00C04F79EFBC}") = "Application", "Application\Application.csproj", "{D1865E80-8FDA-4CED-B0EA-F7DE65D5B96A}"
EndProject
Project("{FAE04EC0-301F-11D3-BF4B-00C04F79EFBC}") = "Domain", "Domain\Domain.csproj", "{90294676-AAE9-4566-BF65-6446AABF2F14}"
EndProject
Project("{FAE04EC0-301F-11D3-BF4B-00C04F79EFBC}") = "Infrastructure", "Infrastructure\Infrastructure.csproj", "{A4687D40-8206-42B0-A546-85C999FC53F0}"
EndProject
Project("{FAE04EC0-301F-11D3-BF4B-00C04F79EFBC}") = "SharedKernel", "SharedKernel\SharedKernel.csproj", "{ED681B07-F56A-4765-A097-DB4336EFFDE5}"
EndProject
Project("{2150E333-8FDC-42A3-9474-1A3956D46DE8}") = "src", "src", "{125AF155-328A-4750-A46D-AC9468903CD5}"
EndProject
Global
	GlobalSection(SolutionConfigurationPlatforms) = preSolution
		Debug|Any CPU = Debug|Any CPU
		Release|Any CPU = Release|Any CPU
	EndGlobalSection
	GlobalSection(ProjectConfigurationPlatforms) = postSolution
		{AA4B5450-6848-4B59-B5E5-0595D209FF0B}.Debug|Any CPU.ActiveCfg = Debug|Any CPU
		{AA4B5450-6848-4B59-B5E5-0595D209FF0B}.Debug|Any CPU.Build.0 = Debug|Any CPU
		{AA4B5450-6848-4B59-B5E5-0595D209FF0B}.Release|Any CPU.ActiveCfg = Release|Any CPU
		{AA4B5450-6848-4B59-B5E5-0595D209FF0B}.Release|Any CPU.Build.0 = Release|Any CPU
		{D1865E80-8FDA-4CED-B0EA-F7DE65D5B96A}.Debug|Any CPU.ActiveCfg = Debug|Any CPU
		{D1865E80-8FDA-4CED-B0EA-F7DE65D5B96A}.Debug|Any CPU.Build.0 = Debug|Any CPU
		{D1865E80-8FDA-4CED-B0EA-F7DE65D5B96A}.Release|Any CPU.ActiveCfg = Release|Any CPU
		{D1865E80-8FDA-4CED-B0EA-F7DE65D5B96A}.Release|Any CPU.Build.0 = Release|Any CPU
		{90294676-AAE9-4566-BF65-6446AABF2F14}.Debug|Any CPU.ActiveCfg = Debug|Any CPU
		{90294676-AAE9-4566-BF65-6446AABF2F14}.Debug|Any CPU.Build.0 = Debug|Any CPU
		{90294676-AAE9-4566-BF65-6446AABF2F14}.Release|Any CPU.ActiveCfg = Release|Any CPU
		{90294676-AAE9-4566-BF65-6446AABF2F14}.Release|Any CPU.Build.0 = Release|Any CPU
		{A4687D40-8206-42B0-A546-85C999FC53F0}.Debug|Any CPU.ActiveCfg = Debug|Any CPU
		{A4687D40-8206-42B0-A546-85C999FC53F0}.Debug|Any CPU.Build.0 = Debug|Any CPU
		{A4687D40-8206-42B0-A546-85C999FC53F0}.Release|Any CPU.ActiveCfg = Release|Any CPU
		{A4687D40-8206-42B0-A546-85C999FC53F0}.Release|Any CPU.Build.0 = Release|Any CPU
		{ED681B07-F56A-4765-A097-DB4336EFFDE5}.Debug|Any CPU.ActiveCfg = Debug|Any CPU
		{ED681B07-F56A-4765-A097-DB4336EFFDE5}.Debug|Any CPU.Build.0 = Debug|Any CPU
		{ED681B07-F56A-4765-A097-DB4336EFFDE5}.Release|Any CPU.ActiveCfg = Release|Any CPU
		{ED681B07-F56A-4765-A097-DB4336EFFDE5}.Release|Any CPU.Build.0 = Release|Any CPU
	EndGlobalSection
	GlobalSection(NestedProjects) = preSolution
		{D1865E80-8FDA-4CED-B0EA-F7DE65D5B96A} = {125AF155-328A-4750-A46D-AC9468903CD5}
		{90294676-AAE9-4566-BF65-6446AABF2F14} = {125AF155-328A-4750-A46D-AC9468903CD5}
		{A4687D40-8206-42B0-A546-85C999FC53F0} = {125AF155-328A-4750-A46D-AC9468903CD5}
		{ED681B07-F56A-4765-A097-DB4336EFFDE5} = {125AF155-328A-4750-A46D-AC9468903CD5}
		{AA4B5450-6848-4B59-B5E5-0595D209FF0B} = {125AF155-328A-4750-A46D-AC9468903CD5}
	EndGlobalSection
EndGlobal
